lockfileVersion: '9.0'

settings:
  autoInstallPeers: false
  excludeLinksFromLockfile: false

importers:

  .:
    dependencies:
      '@deepseek-ai/dsh-rlm-bindings':
        specifier: link:../../../packages/rlm-bindings
        version: link:../../../packages/rlm-bindings
      '@deepseek-ai/dsh-rlm-harness-local':
        specifier: link:../../../packages/rlm-harness-local
        version: link:../../../packages/rlm-harness-local
      '@deepseek-ai/dsh-rlm-kernel-python':
        specifier: link:../../../packages/rlm-kernel-python
        version: link:../../../packages/rlm-kernel-python
      '@deepseek-ai/dsh-tool-python':
        specifier: link:../../../packages/tool-python
        version: link:../../../packages/tool-python
